// !$*UTF8*$!
{
	archiveVersion = 1;
	classes = {
	};
	objectVersion = 50;
	objects = {

/* Begin PBXBuildFile section */
		D35A5B87280562BE0072508D /* AppDelegate.m in Sources */ = {isa = PBXBuildFile; fileRef = D35A5B86280562BE0072508D /* AppDelegate.m */; };
		D35A5B8A280562BE0072508D /* SceneDelegate.m in Sources */ = {isa = PBXBuildFile; fileRef = D35A5B89280562BE0072508D /* SceneDelegate.m */; };
		D35A5B8D280562BE0072508D /* ViewController.m in Sources */ = {isa = PBXBuildFile; fileRef = D35A5B8C280562BE0072508D /* ViewController.m */; };
		D35A5B90280562BE0072508D /* Main.storyboard in Resources */ = {isa = PBXBuildFile; fileRef = D35A5B8E280562BE0072508D /* Main.storyboard */; };
		D35A5B92280562C00072508D /* Assets.xcassets in Resources */ = {isa = PBXBuildFile; fileRef = D35A5B91280562C00072508D /* Assets.xcassets */; };
		D35A5B95280562C00072508D /* LaunchScreen.storyboard in Resources */ = {isa = PBXBuildFile; fileRef = D35A5B93280562C00072508D /* LaunchScreen.storyboard */; };
		D35A5B98280562C00072508D /* main.m in Sources */ = {isa = PBXBuildFile; fileRef = D35A5B97280562C00072508D /* main.m */; };
		D35A5BA2280562C00072508D /* CheckingTests.m in Sources */ = {isa = PBXBuildFile; fileRef = D35A5BA1280562C00072508D /* CheckingTests.m */; };
		D35A5BAD280562C00072508D /* CheckingUITests.m in Sources */ = {isa = PBXBuildFile; fileRef = D35A5BAC280562C00072508D /* CheckingUITests.m */; };
		D35A5BC1280596A70072508D /* ListViewController.m in Sources */ = {isa = PBXBuildFile; fileRef = D35A5BC0280596A70072508D /* ListViewController.m */; };
/* End PBXBuildFile section */

/* Begin PBXContainerItemProxy section */
		D35A5B9E280562C00072508D /* PBXContainerItemProxy */ = {
			isa = PBXContainerItemProxy;
			containerPortal = D35A5B7A280562BE0072508D /* Project object */;
			proxyType = 1;
			remoteGlobalIDString = D35A5B81280562BE0072508D;
			remoteInfo = Checking;
		};
		D35A5BA9280562C00072508D /* PBXContainerItemProxy */ = {
			isa = PBXContainerItemProxy;
			containerPortal = D35A5B7A280562BE0072508D /* Project object */;
			proxyType = 1;
			remoteGlobalIDString = D35A5B81280562BE0072508D;
			remoteInfo = Checking;
		};
/* End PBXContainerItemProxy section */

/* Begin PBXFileReference section */
		D35A5B82280562BE0072508D /* Checking.app */ = {isa = PBXFileReference; explicitFileType = wrapper.application; includeInIndex = 0; path = Checking.app; sourceTree = BUILT_PRODUCTS_DIR; };
		D35A5B85280562BE0072508D /* AppDelegate.h */ = {isa = PBXFileReference; lastKnownFileType = sourcecode.c.h; path = AppDelegate.h; sourceTree = "<group>"; };
		D35A5B86280562BE0072508D /* AppDelegate.m */ = {isa = PBXFileReference; lastKnownFileType = sourcecode.c.objc; path = AppDelegate.m; sourceTree = "<group>"; };
		D35A5B88280562BE0072508D /* SceneDelegate.h */ = {isa = PBXFileReference; lastKnownFileType = sourcecode.c.h; path = SceneDelegate.h; sourceTree = "<group>"; };
		D35A5B89280562BE0072508D /* SceneDelegate.m */ = {isa = PBXFileReference; lastKnownFileType = sourcecode.c.objc; path = SceneDelegate.m; sourceTree = "<group>"; };
		D35A5B8B280562BE0072508D /* ViewController.h */ = {isa = PBXFileReference; lastKnownFileType = sourcecode.c.h; path = ViewController.h; sourceTree = "<group>"; };
		D35A5B8C280562BE0072508D /* ViewController.m */ = {isa = PBXFileReference; lastKnownFileType = sourcecode.c.objc; path = ViewController.m; sourceTree = "<group>"; };
		D35A5B8F280562BE0072508D /* Base */ = {isa = PBXFileReference; lastKnownFileType = file.storyboard; name = Base; path = Base.lproj/Main.storyboard; sourceTree = "<group>"; };
		D35A5B91280562C00072508D /* Assets.xcassets */ = {isa = PBXFileReference; lastKnownFileType = folder.assetcatalog; path = Assets.xcassets; sourceTree = "<group>"; };
		D35A5B94280562C00072508D /* Base */ = {isa = PBXFileReference; lastKnownFileType = file.storyboard; name = Base; path = Base.lproj/LaunchScreen.storyboard; sourceTree = "<group>"; };
		D35A5B96280562C00072508D /* Info.plist */ = {isa = PBXFileReference; lastKnownFileType = text.plist.xml; path = Info.plist; sourceTree = "<group>"; };
		D35A5B97280562C00072508D /* main.m */ = {isa = PBXFileReference; lastKnownFileType = sourcecode.c.objc; path = main.m; sourceTree = "<group>"; };
		D35A5B9D280562C00072508D /* CheckingTests.xctest */ = {isa = PBXFileReference; explicitFileType = wrapper.cfbundle; includeInIndex = 0; path = CheckingTests.xctest; sourceTree = BUILT_PRODUCTS_DIR; };
		D35A5BA1280562C00072508D /* CheckingTests.m */ = {isa = PBXFileReference; lastKnownFileType = sourcecode.c.objc; path = CheckingTests.m; sourceTree = "<group>"; };
		D35A5BA3280562C00072508D /* Info.plist */ = {isa = PBXFileReference; lastKnownFileType = text.plist.xml; path = Info.plist; sourceTree = "<group>"; };
		D35A5BA8280562C00072508D /* CheckingUITests.xctest */ = {isa = PBXFileReference; explicitFileType = wrapper.cfbundle; includeInIndex = 0; path = CheckingUITests.xctest; sourceTree = BUILT_PRODUCTS_DIR; };
		D35A5BAC280562C00072508D /* CheckingUITests.m */ = {isa = PBXFileReference; lastKnownFileType = sourcecode.c.objc; path = CheckingUITests.m; sourceTree = "<group>"; };
		D35A5BAE280562C00072508D /* Info.plist */ = {isa = PBXFileReference; lastKnownFileType = text.plist.xml; path = Info.plist; sourceTree = "<group>"; };
		D35A5BBF280596A70072508D /* ListViewController.h */ = {isa = PBXFileReference; lastKnownFileType = sourcecode.c.h; path = ListViewController.h; sourceTree = "<group>"; };
		D35A5BC0280596A70072508D /* ListViewController.m */ = {isa = PBXFileReference; lastKnownFileType = sourcecode.c.objc; path = ListViewController.m; sourceTree = "<group>"; };
/* End PBXFileReference section */

/* Begin PBXFrameworksBuildPhase section */
		D35A5B7F280562BE0072508D /* Frameworks */ = {
			isa = PBXFrameworksBuildPhase;
			buildActionMask = 2147483647;
			files = (
			);
			runOnlyForDeploymentPostprocessing = 0;
		};
		D35A5B9A280562C00072508D /* Frameworks */ = {
			isa = PBXFrameworksBuildPhase;
			buildActionMask = 2147483647;
			files = (
			);
			runOnlyForDeploymentPostprocessing = 0;
		};
		D35A5BA5280562C00072508D /* Frameworks */ = {
			isa = PBXFrameworksBuildPhase;
			buildActionMask = 2147483647;
			files = (
			);
			runOnlyForDeploymentPostprocessing = 0;
		};
/* End PBXFrameworksBuildPhase section */

/* Begin PBXGroup section */
		D35A5B79280562BE0072508D = {
			isa = PBXGroup;
			children = (
				D35A5B84280562BE0072508D /* Checking */,
				D35A5BA0280562C00072508D /* CheckingTests */,
				D35A5BAB280562C00072508D /* CheckingUITests */,
				D35A5B83280562BE0072508D /* Products */,
			);
			sourceTree = "<group>";
		};
		D35A5B83280562BE0072508D /* Products */ = {
			isa = PBXGroup;
			children = (
				D35A5B82280562BE0072508D /* Checking.app */,
				D35A5B9D280562C00072508D /* CheckingTests.xctest */,
				D35A5BA8280562C00072508D /* CheckingUITests.xctest */,
			);
			name = Products;
			sourceTree = "<group>";
		};
		D35A5B84280562BE0072508D /* Checking */ = {
			isa = PBXGroup;
			children = (
				D35A5B85280562BE0072508D /* AppDelegate.h */,
				D35A5B86280562BE0072508D /* AppDelegate.m */,
				D35A5B88280562BE0072508D /* SceneDelegate.h */,
				D35A5B89280562BE0072508D /* SceneDelegate.m */,
				D35A5B8B280562BE0072508D /* ViewController.h */,
				D35A5B8C280562BE0072508D /* ViewController.m */,
				D35A5BBF280596A70072508D /* ListViewController.h */,
				D35A5BC0280596A70072508D /* ListViewController.m */,
				D35A5B8E280562BE0072508D /* Main.storyboard */,
				D35A5B91280562C00072508D /* Assets.xcassets */,
				D35A5B93280562C00072508D /* LaunchScreen.storyboard */,
				D35A5B96280562C00072508D /* Info.plist */,
				D35A5B97280562C00072508D /* main.m */,
			);
			path = Checking;
			sourceTree = "<group>";
		};
		D35A5BA0280562C00072508D /* CheckingTests */ = {
			isa = PBXGroup;
			children = (
				D35A5BA1280562C00072508D /* CheckingTests.m */,
				D35A5BA3280562C00072508D /* Info.plist */,
			);
			path = CheckingTests;
			sourceTree = "<group>";
		};
		D35A5BAB280562C00072508D /* CheckingUITests */ = {
			isa = PBXGroup;
			children = (
				D35A5BAC280562C00072508D /* CheckingUITests.m */,
				D35A5BAE280562C00072508D /* Info.plist */,
			);
			path = CheckingUITests;
			sourceTree = "<group>";
		};
/* End PBXGroup section */

/* Begin PBXNativeTarget section */
		D35A5B81280562BE0072508D /* Checking */ = {
			isa = PBXNativeTarget;
			buildConfigurationList = D35A5BB1280562C00072508D /* Build configuration list for PBXNativeTarget "Checking" */;
			buildPhases = (
				D35A5B7E280562BE0072508D /* Sources */,
				D35A5B7F280562BE0072508D /* Frameworks */,
				D35A5B80280562BE0072508D /* Resources */,
			);
			buildRules = (
			);
			dependencies = (
			);
			name = Checking;
			productName = Checking;
			productReference = D35A5B82280562BE0072508D /* Checking.app */;
			productType = "com.apple.product-type.application";
		};
		D35A5B9C280562C00072508D /* CheckingTests */ = {
			isa = PBXNativeTarget;
			buildConfigurationList = D35A5BB4280562C00072508D /* Build configuration list for PBXNativeTarget "CheckingTests" */;
			buildPhases = (
				D35A5B99280562C00072508D /* Sources */,
				D35A5B9A280562C00072508D /* Frameworks */,
				D35A5B9B280562C00072508D /* Resources */,
			);
			buildRules = (
			);
			dependencies = (
				D35A5B9F280562C00072508D /* PBXTargetDependency */,
			);
			name = CheckingTests;
			productName = CheckingTests;
			productReference = D35A5B9D280562C00072508D /* CheckingTests.xctest */;
			productType = "com.apple.product-type.bundle.unit-test";
		};
		D35A5BA7280562C00072508D /* CheckingUITests */ = {
			isa = PBXNativeTarget;
			buildConfigurationList = D35A5BB7280562C00072508D /* Build configuration list for PBXNativeTarget "CheckingUITests" */;
			buildPhases = (
				D35A5BA4280562C00072508D /* Sources */,
				D35A5BA5280562C00072508D /* Frameworks */,
				D35A5BA6280562C00072508D /* Resources */,
			);
			buildRules = (
			);
			dependencies = (
				D35A5BAA280562C00072508D /* PBXTargetDependency */,
			);
			name = CheckingUITests;
			productName = CheckingUITests;
			productReference = D35A5BA8280562C00072508D /* CheckingUITests.xctest */;
			productType = "com.apple.product-type.bundle.ui-testing";
		};
/* End PBXNativeTarget section */

/* Begin PBXProject section */
		D35A5B7A280562BE0072508D /* Project object */ = {
			isa = PBXProject;
			attributes = {
				LastUpgradeCheck = 1160;
				ORGANIZATIONNAME = "杜俊楠";
				TargetAttributes = {
					D35A5B81280562BE0072508D = {
						CreatedOnToolsVersion = 11.6;
					};
					D35A5B9C280562C00072508D = {
						CreatedOnToolsVersion = 11.6;
						TestTargetID = D35A5B81280562BE0072508D;
					};
					D35A5BA7280562C00072508D = {
						CreatedOnToolsVersion = 11.6;
						TestTargetID = D35A5B81280562BE0072508D;
					};
				};
			};
			buildConfigurationList = D35A5B7D280562BE0072508D /* Build configuration list for PBXProject "Checking" */;
			compatibilityVersion = "Xcode 9.3";
			developmentRegion = en;
			hasScannedForEncodings = 0;
			knownRegions = (
				en,
				Base,
			);
			mainGroup = D35A5B79280562BE0072508D;
			productRefGroup = D35A5B83280562BE0072508D /* Products */;
			projectDirPath = "";
			projectRoot = "";
			targets = (
				D35A5B81280562BE0072508D /* Checking */,
				D35A5B9C280562C00072508D /* CheckingTests */,
				D35A5BA7280562C00072508D /* CheckingUITests */,
			);
		};
/* End PBXProject section */

/* Begin PBXResourcesBuildPhase section */
		D35A5B80280562BE0072508D /* Resources */ = {
			isa = PBXResourcesBuildPhase;
			buildActionMask = 2147483647;
			files = (
				D35A5B95280562C00072508D /* LaunchScreen.storyboard in Resources */,
				D35A5B92280562C00072508D /* Assets.xcassets in Resources */,
				D35A5B90280562BE0072508D /* Main.storyboard in Resources */,
			);
			runOnlyForDeploymentPostprocessing = 0;
		};
		D35A5B9B280562C00072508D /* Resources */ = {
			isa = PBXResourcesBuildPhase;
			buildActionMask = 2147483647;
			files = (
			);
			runOnlyForDeploymentPostprocessing = 0;
		};
		D35A5BA6280562C00072508D /* Resources */ = {
			isa = PBXResourcesBuildPhase;
			buildActionMask = 2147483647;
			files = (
			);
			runOnlyForDeploymentPostprocessing = 0;
		};
/* End PBXResourcesBuildPhase section */

/* Begin PBXSourcesBuildPhase section */
		D35A5B7E280562BE0072508D /* Sources */ = {
			isa = PBXSourcesBuildPhase;
			buildActionMask = 2147483647;
			files = (
				D35A5BC1280596A70072508D /* ListViewController.m in Sources */,
				D35A5B8D280562BE0072508D /* ViewController.m in Sources */,
				D35A5B87280562BE0072508D /* AppDelegate.m in Sources */,
				D35A5B98280562C00072508D /* main.m in Sources */,
				D35A5B8A280562BE0072508D /* SceneDelegate.m in Sources */,
			);
			runOnlyForDeploymentPostprocessing = 0;
		};
		D35A5B99280562C00072508D /* Sources */ = {
			isa = PBXSourcesBuildPhase;
			buildActionMask = 2147483647;
			files = (
				D35A5BA2280562C00072508D /* CheckingTests.m in Sources */,
			);
			runOnlyForDeploymentPostprocessing = 0;
		};
		D35A5BA4280562C00072508D /* Sources */ = {
			isa = PBXSourcesBuildPhase;
			buildActionMask = 2147483647;
			files = (
				D35A5BAD280562C00072508D /* CheckingUITests.m in Sources */,
			);
			runOnlyForDeploymentPostprocessing = 0;
		};
/* End PBXSourcesBuildPhase section */

/* Begin PBXTargetDependency section */
		D35A5B9F280562C00072508D /* PBXTargetDependency */ = {
			isa = PBXTargetDependency;
			target = D35A5B81280562BE0072508D /* Checking */;
			targetProxy = D35A5B9E280562C00072508D /* PBXContainerItemProxy */;
		};
		D35A5BAA280562C00072508D /* PBXTargetDependency */ = {
			isa = PBXTargetDependency;
			target = D35A5B81280562BE0072508D /* Checking */;
			targetProxy = D35A5BA9280562C00072508D /* PBXContainerItemProxy */;
		};
/* End PBXTargetDependency section */

/* Begin PBXVariantGroup section */
		D35A5B8E280562BE0072508D /* Main.storyboard */ = {
			isa = PBXVariantGroup;
			children = (
				D35A5B8F280562BE0072508D /* Base */,
			);
			name = Main.storyboard;
			sourceTree = "<group>";
		};
		D35A5B93280562C00072508D /* LaunchScreen.storyboard */ = {
			isa = PBXVariantGroup;
			children = (
				D35A5B94280562C00072508D /* Base */,
			);
			name = LaunchScreen.storyboard;
			sourceTree = "<group>";
		};
/* End PBXVariantGroup section */

/* Begin XCBuildConfiguration section */
		D35A5BAF280562C00072508D /* Debug */ = {
			isa = XCBuildConfiguration;
			buildSettings = {
				ALWAYS_SEARCH_USER_PATHS = NO;
				CLANG_ANALYZER_NONNULL = YES;
				CLANG_ANALYZER_NUMBER_OBJECT_CONVERSION = YES_AGGRESSIVE;
				CLANG_CXX_LANGUAGE_STANDARD = "gnu++14";
				CLANG_CXX_LIBRARY = "libc++";
				CLANG_ENABLE_MODULES = YES;
				CLANG_ENABLE_OBJC_ARC = YES;
				CLANG_ENABLE_OBJC_WEAK = YES;
				CLANG_WARN_BLOCK_CAPTURE_AUTORELEASING = YES;
				CLANG_WARN_BOOL_CONVERSION = YES;
				CLANG_WARN_COMMA = YES;
				CLANG_WARN_CONSTANT_CONVERSION = YES;
				CLANG_WARN_DEPRECATED_OBJC_IMPLEMENTATIONS = YES;
				CLANG_WARN_DIRECT_OBJC_ISA_USAGE = YES_ERROR;
				CLANG_WARN_DOCUMENTATION_COMMENTS = YES;
				CLANG_WARN_EMPTY_BODY = YES;
				CLANG_WARN_ENUM_CONVERSION = YES;
				CLANG_WARN_INFINITE_RECURSION = YES;
				CLANG_WARN_INT_CONVERSION = YES;
				CLANG_WARN_NON_LITERAL_NULL_CONVERSION = YES;
				CLANG_WARN_OBJC_IMPLICIT_RETAIN_SELF = YES;
				CLANG_WARN_OBJC_LITERAL_CONVERSION = YES;
				CLANG_WARN_OBJC_ROOT_CLASS = YES_ERROR;
				CLANG_WARN_RANGE_LOOP_ANALYSIS = YES;
				CLANG_WARN_STRICT_PROTOTYPES = YES;
				CLANG_WARN_SUSPICIOUS_MOVE = YES;
				CLANG_WARN_UNGUARDED_AVAILABILITY = YES_AGGRESSIVE;
				CLANG_WARN_UNREACHABLE_CODE = YES;
				CLANG_WARN__DUPLICATE_METHOD_MATCH = YES;
				COPY_PHASE_STRIP = NO;
				DEBUG_INFORMATION_FORMAT = dwarf;
				ENABLE_STRICT_OBJC_MSGSEND = YES;
				ENABLE_TESTABILITY = YES;
				GCC_C_LANGUAGE_STANDARD = gnu11;
				GCC_DYNAMIC_NO_PIC = NO;
				GCC_NO_COMMON_BLOCKS = YES;
				GCC_OPTIMIZATION_LEVEL = 0;
				GCC_PREPROCESSOR_DEFINITIONS = (
					"DEBUG=1",
					"$(inherited)",
				);
				GCC_WARN_64_TO_32_BIT_CONVERSION = YES;
				GCC_WARN_ABOUT_RETURN_TYPE = YES_ERROR;
				GCC_WARN_UNDECLARED_SELECTOR = YES;
				GCC_WARN_UNINITIALIZED_AUTOS = YES_AGGRESSIVE;
				GCC_WARN_UNUSED_FUNCTION = YES;
				GCC_WARN_UNUSED_VARIABLE = YES;
				IPHONEOS_DEPLOYMENT_TARGET = 13.6;
				MTL_ENABLE_DEBUG_INFO = INCLUDE_SOURCE;
				MTL_FAST_MATH = YES;
				ONLY_ACTIVE_ARCH = YES;
				SDKROOT = iphoneos;
			};
			name = Debug;
		};
		D35A5BB0280562C00072508D /* Release */ = {
			isa = XCBuildConfiguration;
			buildSettings = {
				ALWAYS_SEARCH_USER_PATHS = NO;
				CLANG_ANALYZER_NONNULL = YES;
				CLANG_ANALYZER_NUMBER_OBJECT_CONVERSION = YES_AGGRESSIVE;
				CLANG_CXX_LANGUAGE_STANDARD = "gnu++14";
				CLANG_CXX_LIBRARY = "libc++";
				CLANG_ENABLE_MODULES = YES;
				CLANG_ENABLE_OBJC_ARC = YES;
				CLANG_ENABLE_OBJC_WEAK = YES;
				CLANG_WARN_BLOCK_CAPTURE_AUTORELEASING = YES;
				CLANG_WARN_BOOL_CONVERSION = YES;
				CLANG_WARN_COMMA = YES;
				CLANG_WARN_CONSTANT_CONVERSION = YES;
				CLANG_WARN_DEPRECATED_OBJC_IMPLEMENTATIONS = YES;
				CLANG_WARN_DIRECT_OBJC_ISA_USAGE = YES_ERROR;
				CLANG_WARN_DOCUMENTATION_COMMENTS = YES;
				CLANG_WARN_EMPTY_BODY = YES;
				CLANG_WARN_ENUM_CONVERSION = YES;
				CLANG_WARN_INFINITE_RECURSION = YES;
				CLANG_WARN_INT_CONVERSION = YES;
				CLANG_WARN_NON_LITERAL_NULL_CONVERSION = YES;
				CLANG_WARN_OBJC_IMPLICIT_RETAIN_SELF = YES;
				CLANG_WARN_OBJC_LITERAL_CONVERSION = YES;
				CLANG_WARN_OBJC_ROOT_CLASS = YES_ERROR;
				CLANG_WARN_RANGE_LOOP_ANALYSIS = YES;
				CLANG_WARN_STRICT_PROTOTYPES = YES;
				CLANG_WARN_SUSPICIOUS_MOVE = YES;
				CLANG_WARN_UNGUARDED_AVAILABILITY = YES_AGGRESSIVE;
				CLANG_WARN_UNREACHABLE_CODE = YES;
				CLANG_WARN__DUPLICATE_METHOD_MATCH = YES;
				COPY_PHASE_STRIP = NO;
				DEBUG_INFORMATION_FORMAT = "dwarf-with-dsym";
				ENABLE_NS_ASSERTIONS = NO;
				ENABLE_STRICT_OBJC_MSGSEND = YES;
				GCC_C_LANGUAGE_STANDARD = gnu11;
				GCC_NO_COMMON_BLOCKS = YES;
				GCC_WARN_64_TO_32_BIT_CONVERSION = YES;
				GCC_WARN_ABOUT_RETURN_TYPE = YES_ERROR;
				GCC_WARN_UNDECLARED_SELECTOR = YES;
				GCC_WARN_UNINITIALIZED_AUTOS = YES_AGGRESSIVE;
				GCC_WARN_UNUSED_FUNCTION = YES;
				GCC_WARN_UNUSED_VARIABLE = YES;
				IPHONEOS_DEPLOYMENT_TARGET = 13.6;
				MTL_ENABLE_DEBUG_INFO = NO;
				MTL_FAST_MATH = YES;
				SDKROOT = iphoneos;
				VALIDATE_PRODUCT = YES;
			};
			name = Release;
		};
		D35A5BB2280562C00072508D /* Debug */ = {
			isa = XCBuildConfiguration;
			buildSettings = {
				ASSETCATALOG_COMPILER_APPICON_NAME = AppIcon;
				CODE_SIGN_STYLE = Automatic;
				INFOPLIST_FILE = Checking/Info.plist;
				LD_RUNPATH_SEARCH_PATHS = (
					"$(inherited)",
					"@executable_path/Frameworks",
				);
				PRODUCT_BUNDLE_IDENTIFIER = personal.Checking;
				PRODUCT_NAME = "$(TARGET_NAME)";
				TARGETED_DEVICE_FAMILY = "1,2";
			};
			name = Debug;
		};
		D35A5BB3280562C00072508D /* Release */ = {
			isa = XCBuildConfiguration;
			buildSettings = {
				ASSETCATALOG_COMPILER_APPICON_NAME = AppIcon;
				CODE_SIGN_STYLE = Automatic;
				INFOPLIST_FILE = Checking/Info.plist;
				LD_RUNPATH_SEARCH_PATHS = (
					"$(inherited)",
					"@executable_path/Frameworks",
				);
				PRODUCT_BUNDLE_IDENTIFIER = personal.Checking;
				PRODUCT_NAME = "$(TARGET_NAME)";
				TARGETED_DEVICE_FAMILY = "1,2";
			};
			name = Release;
		};
		D35A5BB5280562C00072508D /* Debug */ = {
			isa = XCBuildConfiguration;
			buildSettings = {
				BUNDLE_LOADER = "$(TEST_HOST)";
				CODE_SIGN_STYLE = Automatic;
				INFOPLIST_FILE = CheckingTests/Info.plist;
				IPHONEOS_DEPLOYMENT_TARGET = 13.6;
				LD_RUNPATH_SEARCH_PATHS = (
					"$(inherited)",
					"@executable_path/Frameworks",
					"@loader_path/Frameworks",
				);
				PRODUCT_BUNDLE_IDENTIFIER = personal.CheckingTests;
				PRODUCT_NAME = "$(TARGET_NAME)";
				TARGETED_DEVICE_FAMILY = "1,2";
				TEST_HOST = "$(BUILT_PRODUCTS_DIR)/Checking.app/Checking";
			};
			name = Debug;
		};
		D35A5BB6280562C00072508D /* Release */ = {
			isa = XCBuildConfiguration;
			buildSettings = {
				BUNDLE_LOADER = "$(TEST_HOST)";
				CODE_SIGN_STYLE = Automatic;
				INFOPLIST_FILE = CheckingTests/Info.plist;
				IPHONEOS_DEPLOYMENT_TARGET = 13.6;
				LD_RUNPATH_SEARCH_PATHS = (
					"$(inherited)",
					"@executable_path/Frameworks",
					"@loader_path/Frameworks",
				);
				PRODUCT_BUNDLE_IDENTIFIER = personal.CheckingTests;
				PRODUCT_NAME = "$(TARGET_NAME)";
				TARGETED_DEVICE_FAMILY = "1,2";
				TEST_HOST = "$(BUILT_PRODUCTS_DIR)/Checking.app/Checking";
			};
			name = Release;
		};
		D35A5BB8280562C00072508D /* Debug */ = {
			isa = XCBuildConfiguration;
			buildSettings = {
				CODE_SIGN_STYLE = Automatic;
				INFOPLIST_FILE = CheckingUITests/Info.plist;
				LD_RUNPATH_SEARCH_PATHS = (
					"$(inherited)",
					"@executable_path/Frameworks",
					"@loader_path/Frameworks",
				);
				PRODUCT_BUNDLE_IDENTIFIER = personal.CheckingUITests;
				PRODUCT_NAME = "$(TARGET_NAME)";
				TARGETED_DEVICE_FAMILY = "1,2";
				TEST_TARGET_NAME = Checking;
			};
			name = Debug;
		};
		D35A5BB9280562C00072508D /* Release */ = {
			isa = XCBuildConfiguration;
			buildSettings = {
				CODE_SIGN_STYLE = Automatic;
				INFOPLIST_FILE = CheckingUITests/Info.plist;
				LD_RUNPATH_SEARCH_PATHS = (
					"$(inherited)",
					"@executable_path/Frameworks",
					"@loader_path/Frameworks",
				);
				PRODUCT_BUNDLE_IDENTIFIER = personal.CheckingUITests;
				PRODUCT_NAME = "$(TARGET_NAME)";
				TARGETED_DEVICE_FAMILY = "1,2";
				TEST_TARGET_NAME = Checking;
			};
			name = Release;
		};
/* End XCBuildConfiguration section */

/* Begin XCConfigurationList section */
		D35A5B7D280562BE0072508D /* Build configuration list for PBXProject "Checking" */ = {
			isa = XCConfigurationList;
			buildConfigurations = (
				D35A5BAF280562C00072508D /* Debug */,
				D35A5BB0280562C00072508D /* Release */,
			);
			defaultConfigurationIsVisible = 0;
			defaultConfigurationName = Release;
		};
		D35A5BB1280562C00072508D /* Build configuration list for PBXNativeTarget "Checking" */ = {
			isa = XCConfigurationList;
			buildConfigurations = (
				D35A5BB2280562C00072508D /* Debug */,
				D35A5BB3280562C00072508D /* Release */,
			);
			defaultConfigurationIsVisible = 0;
			defaultConfigurationName = Release;
		};
		D35A5BB4280562C00072508D /* Build configuration list for PBXNativeTarget "CheckingTests" */ = {
			isa = XCConfigurationList;
			buildConfigurations = (
				D35A5BB5280562C00072508D /* Debug */,
				D35A5BB6280562C00072508D /* Release */,
			);
			defaultConfigurationIsVisible = 0;
			defaultConfigurationName = Release;
		};
		D35A5BB7280562C00072508D /* Build configuration list for PBXNativeTarget "CheckingUITests" */ = {
			isa = XCConfigurationList;
			buildConfigurations = (
				D35A5BB8280562C00072508D /* Debug */,
				D35A5BB9280562C00072508D /* Release */,
			);
			defaultConfigurationIsVisible = 0;
			defaultConfigurationName = Release;
		};
/* End XCConfigurationList section */
	};
	rootObject = D35A5B7A280562BE0072508D /* Project object */;
}
